
Microsoft Visual Studio Solution File, Format Version 12.00
# Visual Studio 15
VisualStudioVersion = 15.0.28307.645
MinimumVisualStudioVersion = 10.0.40219.1
Project("{FAE04EC0-301F-11D3-BF4B-00C04F79EFBC}") = "MyShopUI", "MyShopUI\MyShopUI.csproj", "{145D8977-115D-41A7-819B-159D6D2059F5}"
EndProject
Project("{FAE04EC0-301F-11D3-BF4B-00C04F79EFBC}") = "MyShopUI.Tests", "MyShopUI.Tests\MyShopUI.Tests.csproj", "{21ED8F7A-7967-41FA-94BE-C1A30AE90BED}"
EndProject
Project("{FAE04EC0-301F-11D3-BF4B-00C04F79EFBC}") = "MyShop.Core", "MyShop.Core\MyShop.Core.csproj", "{E4D03FFE-8B72-46BC-835C-A8049B836917}"
EndProject
Project("{FAE04EC0-301F-11D3-BF4B-00C04F79EFBC}") = "MyShop.Services", "MyShop.Services\MyShop.Services.csproj", "{E85AACED-B31D-4B0F-A07C-A7D8E3F91F7F}"
EndProject
Project("{FAE04EC0-301F-11D3-BF4B-00C04F79EFBC}") = "MyShop.DataAccess.SQL", "MyShop.DataAccess.SQL\MyShop.DataAccess.SQL.csproj", "{56F65A04-AB5E-4174-8803-C543C0A09FE5}"
EndProject
Project("{FAE04EC0-301F-11D3-BF4B-00C04F79EFBC}") = "MyShop.DataAccess.InMemeory", "MyShop.DataAccess.InMemeory\MyShop.DataAccess.InMemeory.csproj", "{860CEB45-B9D7-4679-AB9C-235AAB8D449D}"
EndProject
Global
	GlobalSection(SolutionConfigurationPlatforms) = preSolution
		Debug|Any CPU = Debug|Any CPU
		Release|Any CPU = Release|Any CPU
	EndGlobalSection
	GlobalSection(ProjectConfigurationPlatforms) = postSolution
		{145D8977-115D-41A7-819B-159D6D2059F5}.Debug|Any CPU.ActiveCfg = Debug|Any CPU
		{145D8977-115D-41A7-819B-159D6D2059F5}.Debug|Any CPU.Build.0 = Debug|Any CPU
		{145D8977-115D-41A7-819B-159D6D2059F5}.Release|Any CPU.ActiveCfg = Release|Any CPU
		{145D8977-115D-41A7-819B-159D6D2059F5}.Release|Any CPU.Build.0 = Release|Any CPU
		{21ED8F7A-7967-41FA-94BE-C1A30AE90BED}.Debug|Any CPU.ActiveCfg = Debug|Any CPU
		{21ED8F7A-7967-41FA-94BE-C1A30AE90BED}.Debug|Any CPU.Build.0 = Debug|Any CPU
		{21ED8F7A-7967-41FA-94BE-C1A30AE90BED}.Release|Any CPU.ActiveCfg = Release|Any CPU
		{21ED8F7A-7967-41FA-94BE-C1A30AE90BED}.Release|Any CPU.Build.0 = Release|Any CPU
		{E4D03FFE-8B72-46BC-835C-A8049B836917}.Debug|Any CPU.ActiveCfg = Debug|Any CPU
		{E4D03FFE-8B72-46BC-835C-A8049B836917}.Debug|Any CPU.Build.0 = Debug|Any CPU
		{E4D03FFE-8B72-46BC-835C-A8049B836917}.Release|Any CPU.ActiveCfg = Release|Any CPU
		{E4D03FFE-8B72-46BC-835C-A8049B836917}.Release|Any CPU.Build.0 = Release|Any CPU
		{E85AACED-B31D-4B0F-A07C-A7D8E3F91F7F}.Debug|Any CPU.ActiveCfg = Debug|Any CPU
		{E85AACED-B31D-4B0F-A07C-A7D8E3F91F7F}.Debug|Any CPU.Build.0 = Debug|Any CPU
		{E85AACED-B31D-4B0F-A07C-A7D8E3F91F7F}.Release|Any CPU.ActiveCfg = Release|Any CPU
		{E85AACED-B31D-4B0F-A07C-A7D8E3F91F7F}.Release|Any CPU.Build.0 = Release|Any CPU
		{56F65A04-AB5E-4174-8803-C543C0A09FE5}.Debug|Any CPU.ActiveCfg = Debug|Any CPU
		{56F65A04-AB5E-4174-8803-C543C0A09FE5}.Debug|Any CPU.Build.0 = Debug|Any CPU
		{56F65A04-AB5E-4174-8803-C543C0A09FE5}.Release|Any CPU.ActiveCfg = Release|Any CPU
		{56F65A04-AB5E-4174-8803-C543C0A09FE5}.Release|Any CPU.Build.0 = Release|Any CPU
		{860CEB45-B9D7-4679-AB9C-235AAB8D449D}.Debug|Any CPU.ActiveCfg = Debug|Any CPU
		{860CEB45-B9D7-4679-AB9C-235AAB8D449D}.Debug|Any CPU.Build.0 = Debug|Any CPU
		{860CEB45-B9D7-4679-AB9C-235AAB8D449D}.Release|Any CPU.ActiveCfg = Release|Any CPU
		{860CEB45-B9D7-4679-AB9C-235AAB8D449D}.Release|Any CPU.Build.0 = Release|Any CPU
	EndGlobalSection
	GlobalSection(SolutionProperties) = preSolution
		HideSolutionNode = FALSE
	EndGlobalSection
	GlobalSection(ExtensibilityGlobals) = postSolution
		SolutionGuid = {6BE83ECE-C8BA-409E-AB0D-488E612BB7AE}
	EndGlobalSection
EndGlobal
